
Microsoft Visual Studio Solution File, Format Version 12.00
# Visual Studio Version 16
VisualStudioVersion = 16.0.30907.101
MinimumVisualStudioVersion = 10.0.40219.1
Project("{FAE04EC0-301F-11D3-BF4B-00C04F79EFBC}") = "MainModule", "MainModule\MainModule.csproj", "{2EB2B006-0F90-4A03-8D40-18D61F9ED98A}"
EndProject
Project("{9A19103F-16F7-4668-BE54-9A1E7A4F7556}") = "Models", "Models\Models.csproj", "{AC6E7E72-72EA-40D6-8781-FA79448DBA28}"
EndProject
Project("{9A19103F-16F7-4668-BE54-9A1E7A4F7556}") = "Utils", "Utils\Utils.csproj", "{9740FA3B-F2AF-4CB8-8A27-8743027FC776}"
EndProject
Global
	GlobalSection(SolutionConfigurationPlatforms) = preSolution
		Debug|Any CPU = Debug|Any CPU
		Release|Any CPU = Release|Any CPU
	EndGlobalSection
	GlobalSection(ProjectConfigurationPlatforms) = postSolution
		{2EB2B006-0F90-4A03-8D40-18D61F9ED98A}.Debug|Any CPU.ActiveCfg = Debug|Any CPU
		{2EB2B006-0F90-4A03-8D40-18D61F9ED98A}.Debug|Any CPU.Build.0 = Debug|Any CPU
		{2EB2B006-0F90-4A03-8D40-18D61F9ED98A}.Release|Any CPU.ActiveCfg = Release|Any CPU
		{2EB2B006-0F90-4A03-8D40-18D61F9ED98A}.Release|Any CPU.Build.0 = Release|Any CPU
		{AC6E7E72-72EA-40D6-8781-FA79448DBA28}.Debug|Any CPU.ActiveCfg = Debug|Any CPU
		{AC6E7E72-72EA-40D6-8781-FA79448DBA28}.Debug|Any CPU.Build.0 = Debug|Any CPU
		{AC6E7E72-72EA-40D6-8781-FA79448DBA28}.Release|Any CPU.ActiveCfg = Release|Any CPU
		{AC6E7E72-72EA-40D6-8781-FA79448DBA28}.Release|Any CPU.Build.0 = Release|Any CPU
		{9740FA3B-F2AF-4CB8-8A27-8743027FC776}.Debug|Any CPU.ActiveCfg = Debug|Any CPU
		{9740FA3B-F2AF-4CB8-8A27-8743027FC776}.Debug|Any CPU.Build.0 = Debug|Any CPU
		{9740FA3B-F2AF-4CB8-8A27-8743027FC776}.Release|Any CPU.ActiveCfg = Release|Any CPU
		{9740FA3B-F2AF-4CB8-8A27-8743027FC776}.Release|Any CPU.Build.0 = Release|Any CPU
	EndGlobalSection
	GlobalSection(SolutionProperties) = preSolution
		HideSolutionNode = FALSE
	EndGlobalSection
	GlobalSection(ExtensibilityGlobals) = postSolution
		SolutionGuid = {40F3E88B-C008-448F-8C28-7967DBBE82C0}
	EndGlobalSection
EndGlobal
