
Microsoft Visual Studio Solution File, Format Version 12.00
# Visual Studio Version 16
VisualStudioVersion = 16.0.30804.86
MinimumVisualStudioVersion = 10.0.40219.1
Project("{9A19103F-16F7-4668-BE54-9A1E7A4F7556}") = "AppServer", "AppServer\AppServer.csproj", "{80170173-D287-4EE3-8201-0F5607F93916}"
EndProject
Project("{9A19103F-16F7-4668-BE54-9A1E7A4F7556}") = "Models", "AppServerModels\Models.csproj", "{55B931F6-697F-43B4-BE22-BB1AD9CDEA5F}"
EndProject
Project("{9A19103F-16F7-4668-BE54-9A1E7A4F7556}") = "Utils", "Expansion\Utils.csproj", "{9C5C926D-447B-449B-B92A-BD94D6DBB978}"
EndProject
Global
	GlobalSection(SolutionConfigurationPlatforms) = preSolution
		Debug|Any CPU = Debug|Any CPU
		Release|Any CPU = Release|Any CPU
	EndGlobalSection
	GlobalSection(ProjectConfigurationPlatforms) = postSolution
		{80170173-D287-4EE3-8201-0F5607F93916}.Debug|Any CPU.ActiveCfg = Debug|Any CPU
		{80170173-D287-4EE3-8201-0F5607F93916}.Debug|Any CPU.Build.0 = Debug|Any CPU
		{80170173-D287-4EE3-8201-0F5607F93916}.Release|Any CPU.ActiveCfg = Release|Any CPU
		{80170173-D287-4EE3-8201-0F5607F93916}.Release|Any CPU.Build.0 = Release|Any CPU
		{55B931F6-697F-43B4-BE22-BB1AD9CDEA5F}.Debug|Any CPU.ActiveCfg = Debug|Any CPU
		{55B931F6-697F-43B4-BE22-BB1AD9CDEA5F}.Debug|Any CPU.Build.0 = Debug|Any CPU
		{55B931F6-697F-43B4-BE22-BB1AD9CDEA5F}.Release|Any CPU.ActiveCfg = Release|Any CPU
		{55B931F6-697F-43B4-BE22-BB1AD9CDEA5F}.Release|Any CPU.Build.0 = Release|Any CPU
		{9C5C926D-447B-449B-B92A-BD94D6DBB978}.Debug|Any CPU.ActiveCfg = Debug|Any CPU
		{9C5C926D-447B-449B-B92A-BD94D6DBB978}.Debug|Any CPU.Build.0 = Debug|Any CPU
		{9C5C926D-447B-449B-B92A-BD94D6DBB978}.Release|Any CPU.ActiveCfg = Release|Any CPU
		{9C5C926D-447B-449B-B92A-BD94D6DBB978}.Release|Any CPU.Build.0 = Release|Any CPU
	EndGlobalSection
	GlobalSection(SolutionProperties) = preSolution
		HideSolutionNode = FALSE
	EndGlobalSection
	GlobalSection(ExtensibilityGlobals) = postSolution
		SolutionGuid = {F0C0B56D-C53C-4AAB-9D71-20A1F4AD1416}
	EndGlobalSection
EndGlobal
